
Microsoft Visual Studio Solution File, Format Version 12.00
# Visual Studio Version 17
VisualStudioVersion = 17.14.36511.14 d17.14
MinimumVisualStudioVersion = 10.0.40219.1
Project("{FAE04EC0-301F-11D3-BF4B-00C04F79EFBC}") = "ArgumentParser", "ArgumentParser\ArgumentParser.csproj", "{C88EA40E-5610-437A-9901-4E9F8F292136}"
EndProject
Project("{FAE04EC0-301F-11D3-BF4B-00C04F79EFBC}") = "ArgumentParserTests", "ArgumentParserTests\ArgumentParserTests.csproj", "{88DE6DDF-C8EA-46E0-A1DB-D1CBEB4A2B5B}"
EndProject
Global
	GlobalSection(SolutionConfigurationPlatforms) = preSolution
		Debug|Any CPU = Debug|Any CPU
		Release|Any CPU = Release|Any CPU
	EndGlobalSection
	GlobalSection(ProjectConfigurationPlatforms) = postSolution
		{C88EA40E-5610-437A-9901-4E9F8F292136}.Debug|Any CPU.ActiveCfg = Debug|Any CPU
		{C88EA40E-5610-437A-9901-4E9F8F292136}.Debug|Any CPU.Build.0 = Debug|Any CPU
		{C88EA40E-5610-437A-9901-4E9F8F292136}.Release|Any CPU.ActiveCfg = Release|Any CPU
		{C88EA40E-5610-437A-9901-4E9F8F292136}.Release|Any CPU.Build.0 = Release|Any CPU
		{88DE6DDF-C8EA-46E0-A1DB-D1CBEB4A2B5B}.Debug|Any CPU.ActiveCfg = Debug|Any CPU
		{88DE6DDF-C8EA-46E0-A1DB-D1CBEB4A2B5B}.Debug|Any CPU.Build.0 = Debug|Any CPU
		{88DE6DDF-C8EA-46E0-A1DB-D1CBEB4A2B5B}.Release|Any CPU.ActiveCfg = Release|Any CPU
		{88DE6DDF-C8EA-46E0-A1DB-D1CBEB4A2B5B}.Release|Any CPU.Build.0 = Release|Any CPU
	EndGlobalSection
	GlobalSection(SolutionProperties) = preSolution
		HideSolutionNode = FALSE
	EndGlobalSection
	GlobalSection(ExtensibilityGlobals) = postSolution
		SolutionGuid = {0F3224B9-95A5-4370-A6C9-C15BEAFDF584}
	EndGlobalSection
EndGlobal
